
Microsoft Visual Studio Solution File, Format Version 12.00
# Visual Studio Version 17
VisualStudioVersion = 17.14.37502.11 d17.14
MinimumVisualStudioVersion = 10.0.40219.1
Project("{888888A0-9F3D-457C-B088-3A5042F75D52}") = "ESP32", "ESP32.pyproj", "{1C2C56CF-AE92-444E-880C-D05973FE184D}"
EndProject
Global
	GlobalSection(SolutionConfigurationPlatforms) = preSolution
		Debug|Any CPU = Debug|Any CPU
		Release|Any CPU = Release|Any CPU
	EndGlobalSection
	GlobalSection(ProjectConfigurationPlatforms) = postSolution
		{1C2C56CF-AE92-444E-880C-D05973FE184D}.Debug|Any CPU.ActiveCfg = Debug|Any CPU
		{1C2C56CF-AE92-444E-880C-D05973FE184D}.Release|Any CPU.ActiveCfg = Release|Any CPU
	EndGlobalSection
	GlobalSection(SolutionProperties) = preSolution
		HideSolutionNode = FALSE
	EndGlobalSection
	GlobalSection(ExtensibilityGlobals) = postSolution
		SolutionGuid = {65153FD4-FEC4-484D-8066-61ECF1698FD7}
	EndGlobalSection
EndGlobal
